
Microsoft Visual Studio Solution File, Format Version 12.00
# Visual Studio Version 16
VisualStudioVersion = 16.0.32228.343
MinimumVisualStudioVersion = 10.0.40219.1
Project("{FAE04EC0-301F-11D3-BF4B-00C04F79EFBC}") = "FactsAssignment", "FactsAssignment\FactsAssignment.csproj", "{5B1CA92F-F429-4C12-AF80-F4D6F6E87A9E}"
EndProject
Global
	GlobalSection(SolutionConfigurationPlatforms) = preSolution
		Debug|Any CPU = Debug|Any CPU
		Release|Any CPU = Release|Any CPU
	EndGlobalSection
	GlobalSection(ProjectConfigurationPlatforms) = postSolution
		{5B1CA92F-F429-4C12-AF80-F4D6F6E87A9E}.Debug|Any CPU.ActiveCfg = Debug|Any CPU
		{5B1CA92F-F429-4C12-AF80-F4D6F6E87A9E}.Debug|Any CPU.Build.0 = Debug|Any CPU
		{5B1CA92F-F429-4C12-AF80-F4D6F6E87A9E}.Release|Any CPU.ActiveCfg = Release|Any CPU
		{5B1CA92F-F429-4C12-AF80-F4D6F6E87A9E}.Release|Any CPU.Build.0 = Release|Any CPU
	EndGlobalSection
	GlobalSection(SolutionProperties) = preSolution
		HideSolutionNode = FALSE
	EndGlobalSection
	GlobalSection(ExtensibilityGlobals) = postSolution
		SolutionGuid = {59F0DCED-8786-4C18-8EAC-68C7D5937E6C}
	EndGlobalSection
EndGlobal
